
Microsoft Visual Studio Solution File, Format Version 12.00
# Visual Studio 2012
Project("{FAE04EC0-301F-11D3-BF4B-00C04F79EFBC}") = "IISChecker", "IISChecker\IISChecker.csproj", "{F18ACD86-3496-4582-B8A1-83EB52B8E88A}"
EndProject
Project("{FAE04EC0-301F-11D3-BF4B-00C04F79EFBC}") = "IISWebChecker", "IISWebChecker\IISWebChecker.csproj", "{D5BBC510-8221-49A4-9DF4-BA4EFA34C751}"
EndProject
Global
	GlobalSection(SolutionConfigurationPlatforms) = preSolution
		Debug|Any CPU = Debug|Any CPU
		Release|Any CPU = Release|Any CPU
	EndGlobalSection
	GlobalSection(ProjectConfigurationPlatforms) = postSolution
		{F18ACD86-3496-4582-B8A1-83EB52B8E88A}.Debug|Any CPU.ActiveCfg = Debug|Any CPU
		{F18ACD86-3496-4582-B8A1-83EB52B8E88A}.Debug|Any CPU.Build.0 = Debug|Any CPU
		{F18ACD86-3496-4582-B8A1-83EB52B8E88A}.Release|Any CPU.ActiveCfg = Release|Any CPU
		{F18ACD86-3496-4582-B8A1-83EB52B8E88A}.Release|Any CPU.Build.0 = Release|Any CPU
		{D5BBC510-8221-49A4-9DF4-BA4EFA34C751}.Debug|Any CPU.ActiveCfg = Debug|Any CPU
		{D5BBC510-8221-49A4-9DF4-BA4EFA34C751}.Debug|Any CPU.Build.0 = Debug|Any CPU
		{D5BBC510-8221-49A4-9DF4-BA4EFA34C751}.Release|Any CPU.ActiveCfg = Release|Any CPU
		{D5BBC510-8221-49A4-9DF4-BA4EFA34C751}.Release|Any CPU.Build.0 = Release|Any CPU
	EndGlobalSection
	GlobalSection(SolutionProperties) = preSolution
		HideSolutionNode = FALSE
	EndGlobalSection
EndGlobal
